
Microsoft Visual Studio Solution File, Format Version 12.00
# Visual Studio 14
VisualStudioVersion = 14.0.25420.1
MinimumVisualStudioVersion = 10.0.40219.1
Project("{FAE04EC0-301F-11D3-BF4B-00C04F79EFBC}") = "Photolemur", "Photolemur\Photolemur.csproj", "{4753A9F3-B8A8-40FC-8133-8F66A7136DDF}"
EndProject
Project("{FAE04EC0-301F-11D3-BF4B-00C04F79EFBC}") = "ImageLibrary", "NetImageLibrary\ImageLibrary.csproj", "{073C7180-35E8-442A-9334-AA3F529C0985}"
EndProject
Global
	GlobalSection(SolutionConfigurationPlatforms) = preSolution
		Debug|Any CPU = Debug|Any CPU
		Release 2.0|Any CPU = Release 2.0|Any CPU
		Release 3.0|Any CPU = Release 3.0|Any CPU
		Release 3.5|Any CPU = Release 3.5|Any CPU
		Release 4.0|Any CPU = Release 4.0|Any CPU
		Release 4.5|Any CPU = Release 4.5|Any CPU
		Release|Any CPU = Release|Any CPU
	EndGlobalSection
	GlobalSection(ProjectConfigurationPlatforms) = postSolution
		{4753A9F3-B8A8-40FC-8133-8F66A7136DDF}.Debug|Any CPU.ActiveCfg = Debug|Any CPU
		{4753A9F3-B8A8-40FC-8133-8F66A7136DDF}.Debug|Any CPU.Build.0 = Debug|Any CPU
		{4753A9F3-B8A8-40FC-8133-8F66A7136DDF}.Release 2.0|Any CPU.ActiveCfg = Release|Any CPU
		{4753A9F3-B8A8-40FC-8133-8F66A7136DDF}.Release 2.0|Any CPU.Build.0 = Release|Any CPU
		{4753A9F3-B8A8-40FC-8133-8F66A7136DDF}.Release 3.0|Any CPU.ActiveCfg = Release|Any CPU
		{4753A9F3-B8A8-40FC-8133-8F66A7136DDF}.Release 3.0|Any CPU.Build.0 = Release|Any CPU
		{4753A9F3-B8A8-40FC-8133-8F66A7136DDF}.Release 3.5|Any CPU.ActiveCfg = Release|Any CPU
		{4753A9F3-B8A8-40FC-8133-8F66A7136DDF}.Release 3.5|Any CPU.Build.0 = Release|Any CPU
		{4753A9F3-B8A8-40FC-8133-8F66A7136DDF}.Release 4.0|Any CPU.ActiveCfg = Release|Any CPU
		{4753A9F3-B8A8-40FC-8133-8F66A7136DDF}.Release 4.0|Any CPU.Build.0 = Release|Any CPU
		{4753A9F3-B8A8-40FC-8133-8F66A7136DDF}.Release 4.5|Any CPU.ActiveCfg = Release|Any CPU
		{4753A9F3-B8A8-40FC-8133-8F66A7136DDF}.Release 4.5|Any CPU.Build.0 = Release|Any CPU
		{4753A9F3-B8A8-40FC-8133-8F66A7136DDF}.Release|Any CPU.ActiveCfg = Release|Any CPU
		{4753A9F3-B8A8-40FC-8133-8F66A7136DDF}.Release|Any CPU.Build.0 = Release|Any CPU
		{073C7180-35E8-442A-9334-AA3F529C0985}.Debug|Any CPU.ActiveCfg = Debug|Any CPU
		{073C7180-35E8-442A-9334-AA3F529C0985}.Debug|Any CPU.Build.0 = Debug|Any CPU
		{073C7180-35E8-442A-9334-AA3F529C0985}.Release 2.0|Any CPU.ActiveCfg = Release 2.0|Any CPU
		{073C7180-35E8-442A-9334-AA3F529C0985}.Release 2.0|Any CPU.Build.0 = Release 2.0|Any CPU
		{073C7180-35E8-442A-9334-AA3F529C0985}.Release 3.0|Any CPU.ActiveCfg = Release 3.0|Any CPU
		{073C7180-35E8-442A-9334-AA3F529C0985}.Release 3.0|Any CPU.Build.0 = Release 3.0|Any CPU
		{073C7180-35E8-442A-9334-AA3F529C0985}.Release 3.5|Any CPU.ActiveCfg = Release 3.5|Any CPU
		{073C7180-35E8-442A-9334-AA3F529C0985}.Release 3.5|Any CPU.Build.0 = Release 3.5|Any CPU
		{073C7180-35E8-442A-9334-AA3F529C0985}.Release 4.0|Any CPU.ActiveCfg = Release 4.0|Any CPU
		{073C7180-35E8-442A-9334-AA3F529C0985}.Release 4.0|Any CPU.Build.0 = Release 4.0|Any CPU
		{073C7180-35E8-442A-9334-AA3F529C0985}.Release 4.5|Any CPU.ActiveCfg = Release 4.5|Any CPU
		{073C7180-35E8-442A-9334-AA3F529C0985}.Release 4.5|Any CPU.Build.0 = Release 4.5|Any CPU
		{073C7180-35E8-442A-9334-AA3F529C0985}.Release|Any CPU.ActiveCfg = Release|Any CPU
		{073C7180-35E8-442A-9334-AA3F529C0985}.Release|Any CPU.Build.0 = Release|Any CPU
	EndGlobalSection
	GlobalSection(SolutionProperties) = preSolution
		HideSolutionNode = FALSE
	EndGlobalSection
EndGlobal
